
Microsoft Visual Studio Solution File, Format Version 12.00
# Visual Studio 15
VisualStudioVersion = 15.0.26430.12
MinimumVisualStudioVersion = 10.0.40219.1
Project("{FAE04EC0-301F-11D3-BF4B-00C04F79EFBC}") = "ConsoleAppUsingLibraryProject", "ConsoleAppUsingLibraryProject\ConsoleAppUsingLibraryProject.csproj", "{C40B2285-4C79-4578-9744-F2C636DF552A}"
EndProject
Project("{FAE04EC0-301F-11D3-BF4B-00C04F79EFBC}") = "LibraryUsedByConsoleAppProject", "LibraryUsedByConsoleAppProject\LibraryUsedByConsoleAppProject.csproj", "{81DC5C95-09C0-4790-B9D4-A22CBCE249E3}"
EndProject
Global
	GlobalSection(SolutionConfigurationPlatforms) = preSolution
		Debug|Any CPU = Debug|Any CPU
		Release|Any CPU = Release|Any CPU
	EndGlobalSection
	GlobalSection(ProjectConfigurationPlatforms) = postSolution
		{C40B2285-4C79-4578-9744-F2C636DF552A}.Debug|Any CPU.ActiveCfg = Debug|Any CPU
		{C40B2285-4C79-4578-9744-F2C636DF552A}.Debug|Any CPU.Build.0 = Debug|Any CPU
		{C40B2285-4C79-4578-9744-F2C636DF552A}.Release|Any CPU.ActiveCfg = Release|Any CPU
		{C40B2285-4C79-4578-9744-F2C636DF552A}.Release|Any CPU.Build.0 = Release|Any CPU
		{81DC5C95-09C0-4790-B9D4-A22CBCE249E3}.Debug|Any CPU.ActiveCfg = Debug|Any CPU
		{81DC5C95-09C0-4790-B9D4-A22CBCE249E3}.Debug|Any CPU.Build.0 = Debug|Any CPU
		{81DC5C95-09C0-4790-B9D4-A22CBCE249E3}.Release|Any CPU.ActiveCfg = Release|Any CPU
		{81DC5C95-09C0-4790-B9D4-A22CBCE249E3}.Release|Any CPU.Build.0 = Release|Any CPU
	EndGlobalSection
	GlobalSection(SolutionProperties) = preSolution
		HideSolutionNode = FALSE
	EndGlobalSection
EndGlobal
